{
  "requires": true,
  "lockfileVersion": 1,
  "dependencies": {
    "@material/animation": {
      "version": "14.0.0",
      "resolved": "https://registry.npmjs.org/@material/animation/-/animation-14.0.0.tgz",
      "integrity": "sha512-VlYSfUaIj/BBVtRZI8Gv0VvzikFf+XgK0Zdgsok5c1v5DDnNz5tpB8mnGrveWz0rHbp1X4+CWLKrTwNmjrw3Xw==",
      "dev": true,
      "requires": {
        "tslib": "^2.1.0"
      }
    },
    "@material/base": {
      "version": "14.0.0",
      "resolved": "https://registry.npmjs.org/@material/base/-/base-14.0.0.tgz",
      "integrity": "sha512-Ou7vS7n1H4Y10MUZyYAbt6H0t67c6urxoCgeVT7M38aQlaNUwFMODp7KT/myjYz2YULfhu3PtfSV3Sltgac9mA==",
      "dev": true,
      "requires": {
        "tslib": "^2.1.0"
      }
    },
    "@material/button": {
      "version": "14.0.0",
      "resolved": "https://registry.npmjs.org/@material/button/-/button-14.0.0.tgz",
      "integrity": "sha512-dqqHaJq0peyXBZupFzCjmvScrfljyVU66ZCS3oldsaaj5iz8sn33I/45Z4zPzdR5F5z8ExToHkRcXhakj1UEAA==",
      "dev": true,
      "requires": {
        "@material/density": "^14.0.0",
        "@material/dom": "^14.0.0",
        "@material/elevation": "^14.0.0",
        "@material/feature-targeting": "^14.0.0",
        "@material/focus-ring": "^14.0.0",
        "@material/ripple": "^14.0.0",
        "@material/rtl": "^14.0.0",
        "@material/shape": "^14.0.0",
        "@material/theme": "^14.0.0",
        "@material/tokens": "^14.0.0",
        "@material/touch-target": "^14.0.0",
        "@material/typography": "^14.0.0",
        "tslib": "^2.1.0"
      }
    },
    "@material/card": {
      "version": "14.0.0",
      "resolved": "https://registry.npmjs.org/@material/card/-/card-14.0.0.tgz",
      "integrity": "sha512-SnpYWUrCb92meGYLXV7qa/k40gnHR6rPki6A1wz0OAyG2twY48f0HLscAqxBLvbbm1LuRaqjz0RLKGH3VzxZHw==",
      "dev": true,
      "requires": {
        "@material/dom": "^14.0.0",
        "@material/elevation": "^14.0.0",
        "@material/feature-targeting": "^14.0.0",
        "@material/ripple": "^14.0.0",
        "@material/rtl": "^14.0.0",
        "@material/shape": "^14.0.0",
        "@material/theme": "^14.0.0",
        "tslib": "^2.1.0"
      }
    },
    "@material/density": {
      "version": "14.0.0",
      "resolved": "https://registry.npmjs.org/@material/density/-/density-14.0.0.tgz",
      "integrity": "sha512-NlxXBV5XjNsKd8UXF4K/+fOXLxoFNecKbsaQO6O2u+iG8QBfFreKRmkhEBb2hPPwC3w8nrODwXX0lHV+toICQw==",
      "dev": true,
      "requires": {
        "tslib": "^2.1.0"
      }
    },
    "@material/dom": {
      "version": "14.0.0",
      "resolved": "https://registry.npmjs.org/@material/dom/-/dom-14.0.0.tgz",
      "integrity": "sha512-8t88XyacclTj8qsIw9q0vEj4PI2KVncLoIsIMzwuMx49P2FZg6TsLjor262MI3Qs00UWAifuLMrhnOnfyrbe7Q==",
      "dev": true,
      "requires": {
        "@material/feature-targeting": "^14.0.0",
        "tslib": "^2.1.0"
      }
    },
    "@material/elevation": {
      "version": "14.0.0",
      "resolved": "https://registry.npmjs.org/@material/elevation/-/elevation-14.0.0.tgz",
      "integrity": "sha512-Di3tkxTpXwvf1GJUmaC8rd+zVh5dB2SWMBGagL4+kT8UmjSISif/OPRGuGnXs3QhF6nmEjkdC0ijdZLcYQkepw==",
      "dev": true,
      "requires": {
        "@material/animation": "^14.0.0",
        "@material/base": "^14.0.0",
        "@material/feature-targeting": "^14.0.0",
        "@material/rtl": "^14.0.0",
        "@material/theme": "^14.0.0",
        "tslib": "^2.1.0"
      }
    },
    "@material/feature-targeting": {
      "version": "14.0.0",
      "resolved": "https://registry.npmjs.org/@material/feature-targeting/-/feature-targeting-14.0.0.tgz",
      "integrity": "sha512-a5WGgHEq5lJeeNL5yevtgoZjBjXWy6+klfVWQEh8oyix/rMJygGgO7gEc52uv8fB8uAIoYEB3iBMOv8jRq8FeA==",
      "dev": true,
      "requires": {
        "tslib": "^2.1.0"
      }
    },
    "@material/focus-ring": {
      "version": "14.0.0",
      "resolved": "https://registry.npmjs.org/@material/focus-ring/-/focus-ring-14.0.0.tgz",
      "integrity": "sha512-fqqka6iSfQGJG3Le48RxPCtnOiaLGPDPikhktGbxlyW9srBVMgeCiONfHM7IT/1eu80O0Y67Lh/4ohu5+C+VAQ==",
      "dev": true,
      "requires": {
        "@material/dom": "^14.0.0",
        "@material/feature-targeting": "^14.0.0",
        "@material/rtl": "^14.0.0"
      }
    },
    "@material/icon-button": {
      "version": "14.0.0",
      "resolved": "https://registry.npmjs.org/@material/icon-button/-/icon-button-14.0.0.tgz",
      "integrity": "sha512-wHMqzm7Q/UwbWLoWv32Li1r2iVYxadIrwTNxT0+p+7NdfI3lEwMN3NoB0CvoJnHTljjXDzce0KJ3nZloa0P0gA==",
      "dev": true,
      "requires": {
        "@material/base": "^14.0.0",
        "@material/density": "^14.0.0",
        "@material/dom": "^14.0.0",
        "@material/elevation": "^14.0.0",
        "@material/feature-targeting": "^14.0.0",
        "@material/focus-ring": "^14.0.0",
        "@material/ripple": "^14.0.0",
        "@material/rtl": "^14.0.0",
        "@material/theme": "^14.0.0",
        "@material/touch-target": "^14.0.0",
        "tslib": "^2.1.0"
      }
    },
    "@material/ripple": {
      "version": "14.0.0",
      "resolved": "https://registry.npmjs.org/@material/ripple/-/ripple-14.0.0.tgz",
      "integrity": "sha512-9XoGBFd5JhFgELgW7pqtiLy+CnCIcV2s9cQ2BWbOQeA8faX9UZIDUx/g76nHLZ7UzKFtsULJxZTwORmsEt2zvw==",
      "dev": true,
      "requires": {
        "@material/animation": "^14.0.0",
        "@material/base": "^14.0.0",
        "@material/dom": "^14.0.0",
        "@material/feature-targeting": "^14.0.0",
        "@material/rtl": "^14.0.0",
        "@material/theme": "^14.0.0",
        "tslib": "^2.1.0"
      }
    },
    "@material/rtl": {
      "version": "14.0.0",
      "resolved": "https://registry.npmjs.org/@material/rtl/-/rtl-14.0.0.tgz",
      "integrity": "sha512-xl6OZYyRjuiW2hmbjV2omMV8sQtfmKAjeWnD1RMiAPLCTyOW9Lh/PYYnXjxUrNa0cRwIIbOn5J7OYXokja8puA==",
      "dev": true,
      "requires": {
        "@material/theme": "^14.0.0",
        "tslib": "^2.1.0"
      }
    },
    "@material/shape": {
      "version": "14.0.0",
      "resolved": "https://registry.npmjs.org/@material/shape/-/shape-14.0.0.tgz",
      "integrity": "sha512-o0mJB0+feOv473KckI8gFnUo8IQAaEA6ynXzw3VIYFjPi48pJwrxa0mZcJP/OoTXrCbDzDeFJfDPXEmRioBb9A==",
      "dev": true,
      "requires": {
        "@material/feature-targeting": "^14.0.0",
        "@material/rtl": "^14.0.0",
        "@material/theme": "^14.0.0",
        "tslib": "^2.1.0"
      }
    },
    "@material/theme": {
      "version": "14.0.0",
      "resolved": "https://registry.npmjs.org/@material/theme/-/theme-14.0.0.tgz",
      "integrity": "sha512-6/SENWNIFuXzeHMPHrYwbsXKgkvCtWuzzQ3cUu4UEt3KcQ5YpViazIM6h8ByYKZP8A9d8QpkJ0WGX5btGDcVoA==",
      "dev": true,
      "requires": {
        "@material/feature-targeting": "^14.0.0",
        "tslib": "^2.1.0"
      }
    },
    "@material/tokens": {
      "version": "14.0.0",
      "resolved": "https://registry.npmjs.org/@material/tokens/-/tokens-14.0.0.tgz",
      "integrity": "sha512-SXgB9VwsKW4DFkHmJfDIS0x0cGdMWC1D06m6z/WQQ5P5j6/m0pKrbHVlrLzXcRjau+mFhXGvj/KyPo9Pp/Rc8Q==",
      "dev": true,
      "requires": {
        "@material/elevation": "^14.0.0"
      }
    },
    "@material/touch-target": {
      "version": "14.0.0",
      "resolved": "https://registry.npmjs.org/@material/touch-target/-/touch-target-14.0.0.tgz",
      "integrity": "sha512-o3kvxmS4HkmZoQTvtzLJrqSG+ezYXkyINm3Uiwio1PTg67pDgK5FRwInkz0VNaWPcw9+5jqjUQGjuZMtjQMq8w==",
      "dev": true,
      "requires": {
        "@material/base": "^14.0.0",
        "@material/feature-targeting": "^14.0.0",
        "@material/rtl": "^14.0.0",
        "tslib": "^2.1.0"
      }
    },
    "@material/typography": {
      "version": "14.0.0",
      "resolved": "https://registry.npmjs.org/@material/typography/-/typography-14.0.0.tgz",
      "integrity": "sha512-/QtHBYiTR+TPMryM/CT386B2WlAQf/Ae32V324Z7P40gHLKY/YBXx7FDutAWZFeOerq/two4Nd2aAHBcMM2wMw==",
      "dev": true,
      "requires": {
        "@material/feature-targeting": "^14.0.0",
        "@material/theme": "^14.0.0",
        "tslib": "^2.1.0"
      }
    },
    "@smui/button": {
      "version": "7.0.0-beta.0",
      "resolved": "https://registry.npmjs.org/@smui/button/-/button-7.0.0-beta.0.tgz",
      "integrity": "sha512-RAdrHCvhB/jbhiv4S93eGIO0GKCrhU3CTawqXNUQxvMeo6KFk2uactb6kKT1Q1kFpf4cWhRWz4AGG/VEQHiQDg==",
      "dev": true,
      "requires": {
        "@material/button": "^14.0.0",
        "@material/elevation": "^14.0.0",
        "@material/feature-targeting": "^14.0.0",
        "@material/ripple": "^14.0.0",
        "@material/theme": "^14.0.0",
        "@smui/common": "^7.0.0-beta.0",
        "@smui/ripple": "^7.0.0-beta.0",
        "svelte2tsx": "^0.5.12"
      }
    },
    "@smui/card": {
      "version": "7.0.0-beta.0",
      "resolved": "https://registry.npmjs.org/@smui/card/-/card-7.0.0-beta.0.tgz",
      "integrity": "sha512-IxcmeDgfilsKsGbjHo1mGhHlw4jRksD7LudghWiSCvbKVOvg0ukAD2nOzNzXCa5LJEuODjHjoEC0GCRDTINLtg==",
      "dev": true,
      "requires": {
        "@material/card": "^14.0.0",
        "@smui/button": "^7.0.0-beta.0",
        "@smui/common": "^7.0.0-beta.0",
        "@smui/icon-button": "^7.0.0-beta.0",
        "@smui/ripple": "^7.0.0-beta.0",
        "svelte2tsx": "^0.5.12"
      }
    },
    "@smui/common": {
      "version": "7.0.0-beta.0",
      "resolved": "https://registry.npmjs.org/@smui/common/-/common-7.0.0-beta.0.tgz",
      "integrity": "sha512-JFbmbXR/j3NdUPC1Nn28LDH62WVv6AaKQVr4VVmutgBYAkMy+QIQhG/kvFBP4Shr2gG8DLQyXGSK0wHHgiONlw==",
      "dev": true,
      "requires": {
        "@material/dom": "^14.0.0",
        "@tsconfig/svelte": "^3.0.0",
        "svelte2tsx": "^0.5.12"
      }
    },
    "@smui/icon-button": {
      "version": "7.0.0-beta.0",
      "resolved": "https://registry.npmjs.org/@smui/icon-button/-/icon-button-7.0.0-beta.0.tgz",
      "integrity": "sha512-XBcZwcRh3VmOXbKsR9dv32gBZmvTCNQc+T/XhF3PDQRjGvE4q2VW8ZByB0IB47xpmWqJvfPb32DhJuR+Iffncg==",
      "dev": true,
      "requires": {
        "@material/density": "^14.0.0",
        "@material/icon-button": "^14.0.0",
        "@smui/common": "^7.0.0-beta.0",
        "@smui/ripple": "^7.0.0-beta.0",
        "svelte2tsx": "^0.5.12"
      }
    },
    "@smui/ripple": {
      "version": "7.0.0-beta.0",
      "resolved": "https://registry.npmjs.org/@smui/ripple/-/ripple-7.0.0-beta.0.tgz",
      "integrity": "sha512-2G9ILzcNAWeL8NgqW4tuBJXuh0gfGj01CtlGeRUSUNG5AxM3zLECrTEEqKdX25wtJf+QxBqV1Zi3ZqFDm3lzDg==",
      "dev": true,
      "requires": {
        "@material/dom": "^14.0.0",
        "@material/ripple": "^14.0.0",
        "@smui/common": "^7.0.0-beta.0",
        "svelte2tsx": "^0.5.12"
      }
    },
    "@tsconfig/svelte": {
      "version": "3.0.0",
      "resolved": "https://registry.npmjs.org/@tsconfig/svelte/-/svelte-3.0.0.tgz",
      "integrity": "sha512-pYrtLtOwku/7r1i9AMONsJMVYAtk3hzOfiGNekhtq5tYBGA7unMve8RvUclKLMT3PrihvJqUmzsRGh0RP84hKg==",
      "dev": true
    },
    "ansi-regex": {
      "version": "5.0.1",
      "resolved": "https://registry.npmjs.org/ansi-regex/-/ansi-regex-5.0.1.tgz",
      "integrity": "sha512-quJQXlTSUGL2LH9SUXo8VwsY4soanhgo6LNSm84E1LBcE8s3O0wpdiRzyR9z/ZZJMlMWv37qOOb9pdJlMUEKFQ==",
      "dev": true
    },
    "ansi-styles": {
      "version": "4.3.0",
      "resolved": "https://registry.npmjs.org/ansi-styles/-/ansi-styles-4.3.0.tgz",
      "integrity": "sha512-zbB9rCJAT1rbjiVDb2hqKFHNYLxgtk8NURxZ3IZwD3F6NtxbXZQCnnSi1Lkx+IDohdPlFp222wVALIheZJQSEg==",
      "dev": true,
      "requires": {
        "color-convert": "^2.0.1"
      }
    },
    "anymatch": {
      "version": "3.1.3",
      "resolved": "https://registry.npmjs.org/anymatch/-/anymatch-3.1.3.tgz",
      "integrity": "sha512-KMReFUr0B4t+D+OBkjR3KYqvocp2XaSzO55UcB6mgQMd3KbcE+mWTyvVV7D/zsdEbNnV6acZUutkiHQXvTr1Rw==",
      "dev": true,
      "requires": {
        "normalize-path": "^3.0.0",
        "picomatch": "^2.0.4"
      }
    },
    "binary-extensions": {
      "version": "2.2.0",
      "resolved": "https://registry.npmjs.org/binary-extensions/-/binary-extensions-2.2.0.tgz",
      "integrity": "sha512-jDctJ/IVQbZoJykoeHbhXpOlNBqGNcwXJKJog42E5HDPUwQTSdjCHdihjj0DlnheQ7blbT6dHOafNAiS8ooQKA==",
      "dev": true
    },
    "braces": {
      "version": "3.0.2",
      "resolved": "https://registry.npmjs.org/braces/-/braces-3.0.2.tgz",
      "integrity": "sha512-b8um+L1RzM3WDSzvhm6gIz1yfTbBt6YTlcEKAvsmqCZZFw46z626lVj9j1yEPW33H5H+lBQpZMP1k8l+78Ha0A==",
      "dev": true,
      "requires": {
        "fill-range": "^7.0.1"
      }
    },
    "chokidar": {
      "version": "3.5.3",
      "resolved": "https://registry.npmjs.org/chokidar/-/chokidar-3.5.3.tgz",
      "integrity": "sha512-Dr3sfKRP6oTcjf2JmUmFJfeVMvXBdegxB0iVQ5eb2V10uFJUCAS8OByZdVAyVb8xXNz3GjjTgj9kLWsZTqE6kw==",
      "dev": true,
      "requires": {
        "anymatch": "~3.1.2",
        "braces": "~3.0.2",
        "fsevents": "~2.3.2",
        "glob-parent": "~5.1.2",
        "is-binary-path": "~2.1.0",
        "is-glob": "~4.0.1",
        "normalize-path": "~3.0.0",
        "readdirp": "~3.6.0"
      }
    },
    "cliui": {
      "version": "8.0.1",
      "resolved": "https://registry.npmjs.org/cliui/-/cliui-8.0.1.tgz",
      "integrity": "sha512-BSeNnyus75C4//NQ9gQt1/csTXyo/8Sb+afLAkzAptFuMsod9HFokGNudZpi/oQV73hnVK+sR+5PVRMd+Dr7YQ==",
      "dev": true,
      "requires": {
        "string-width": "^4.2.0",
        "strip-ansi": "^6.0.1",
        "wrap-ansi": "^7.0.0"
      }
    },
    "color-convert": {
      "version": "2.0.1",
      "resolved": "https://registry.npmjs.org/color-convert/-/color-convert-2.0.1.tgz",
      "integrity": "sha512-RRECPsj7iu/xb5oKYcsFHSppFNnsj/52OVTRKb4zP5onXwVF3zVmmToNcOfGC+CRDpfK/U584fMg38ZHCaElKQ==",
      "dev": true,
      "requires": {
        "color-name": "~1.1.4"
      }
    },
    "color-name": {
      "version": "1.1.4",
      "resolved": "https://registry.npmjs.org/color-name/-/color-name-1.1.4.tgz",
      "integrity": "sha512-dOy+3AuW3a2wNbZHIuMZpTcgjGuLU/uBL/ubcZF9OXbDo8ff4O8yVp5Bf0efS8uEoYo5q4Fx7dY9OgQGXgAsQA==",
      "dev": true
    },
    "dedent-js": {
      "version": "1.0.1",
      "resolved": "https://registry.npmjs.org/dedent-js/-/dedent-js-1.0.1.tgz",
      "integrity": "sha512-OUepMozQULMLUmhxS95Vudo0jb0UchLimi3+pQ2plj61Fcy8axbP9hbiD4Sz6DPqn6XG3kfmziVfQ1rSys5AJQ==",
      "dev": true
    },
    "emoji-regex": {
      "version": "8.0.0",
      "resolved": "https://registry.npmjs.org/emoji-regex/-/emoji-regex-8.0.0.tgz",
      "integrity": "sha512-MSjYzcWNOA0ewAHpz0MxpYFvwg6yjy1NG3xteoqz644VCo/RPgnr1/GGt+ic3iJTzQ8Eu3TdM14SawnVUmGE6A==",
      "dev": true
    },
    "escalade": {
      "version": "3.1.1",
      "resolved": "https://registry.npmjs.org/escalade/-/escalade-3.1.1.tgz",
      "integrity": "sha512-k0er2gUkLf8O0zKJiAhmkTnJlTvINGv7ygDNPbeIsX/TJjGJZHuh9B2UxbsaEkmlEo9MfhrSzmhIlhRlI2GXnw==",
      "dev": true
    },
    "fill-range": {
      "version": "7.0.1",
      "resolved": "https://registry.npmjs.org/fill-range/-/fill-range-7.0.1.tgz",
      "integrity": "sha512-qOo9F+dMUmC2Lcb4BbVvnKJxTPjCm+RRpe4gDuGrzkL7mEVl/djYSu2OdQ2Pa302N4oqkSg9ir6jaLWJ2USVpQ==",
      "dev": true,
      "requires": {
        "to-regex-range": "^5.0.1"
      }
    },
    "fsevents": {
      "version": "2.3.2",
      "resolved": "https://registry.npmjs.org/fsevents/-/fsevents-2.3.2.tgz",
      "integrity": "sha512-xiqMQR4xAeHTuB9uWm+fFRcIOgKBMiOBP+eXiyT7jsgVCq1bkVygt00oASowB7EdtpOHaaPgKt812P9ab+DDKA==",
      "dev": true,
      "optional": true
    },
    "get-caller-file": {
      "version": "2.0.5",
      "resolved": "https://registry.npmjs.org/get-caller-file/-/get-caller-file-2.0.5.tgz",
      "integrity": "sha512-DyFP3BM/3YHTQOCUL/w0OZHR0lpKeGrxotcHWcqNEdnltqFwXVfhEBQ94eIo34AfQpo0rGki4cyIiftY06h2Fg==",
      "dev": true
    },
    "glob-parent": {
      "version": "5.1.2",
      "resolved": "https://registry.npmjs.org/glob-parent/-/glob-parent-5.1.2.tgz",
      "integrity": "sha512-AOIgSQCepiJYwP3ARnGx+5VnTu2HBYdzbGP45eLw1vr3zB3vZLeyed1sC9hnbcOc9/SrMyM5RPQrkGz4aS9Zow==",
      "dev": true,
      "requires": {
        "is-glob": "^4.0.1"
      }
    },
    "immutable": {
      "version": "4.2.2",
      "resolved": "https://registry.npmjs.org/immutable/-/immutable-4.2.2.tgz",
      "integrity": "sha512-fTMKDwtbvO5tldky9QZ2fMX7slR0mYpY5nbnFWYp0fOzDhHqhgIw9KoYgxLWsoNTS9ZHGauHj18DTyEw6BK3Og==",
      "dev": true
    },
    "is-binary-path": {
      "version": "2.1.0",
      "resolved": "https://registry.npmjs.org/is-binary-path/-/is-binary-path-2.1.0.tgz",
      "integrity": "sha512-ZMERYes6pDydyuGidse7OsHxtbI7WVeUEozgR/g7rd0xUimYNlvZRE/K2MgZTjWy725IfelLeVcEM97mmtRGXw==",
      "dev": true,
      "requires": {
        "binary-extensions": "^2.0.0"
      }
    },
    "is-extglob": {
      "version": "2.1.1",
      "resolved": "https://registry.npmjs.org/is-extglob/-/is-extglob-2.1.1.tgz",
      "integrity": "sha512-SbKbANkN603Vi4jEZv49LeVJMn4yGwsbzZworEoyEiutsN3nJYdbO36zfhGJ6QEDpOZIFkDtnq5JRxmvl3jsoQ==",
      "dev": true
    },
    "is-fullwidth-code-point": {
      "version": "3.0.0",
      "resolved": "https://registry.npmjs.org/is-fullwidth-code-point/-/is-fullwidth-code-point-3.0.0.tgz",
      "integrity": "sha512-zymm5+u+sCsSWyD9qNaejV3DFvhCKclKdizYaJUuHA83RLjb7nSuGnddCHGv0hk+KY7BMAlsWeK4Ueg6EV6XQg==",
      "dev": true
    },
    "is-glob": {
      "version": "4.0.3",
      "resolved": "https://registry.npmjs.org/is-glob/-/is-glob-4.0.3.tgz",
      "integrity": "sha512-xelSayHH36ZgE7ZWhli7pW34hNbNl8Ojv5KVmkJD4hBdD3th8Tfk9vYasLM+mXWOZhFkgZfxhLSnrwRr4elSSg==",
      "dev": true,
      "requires": {
        "is-extglob": "^2.1.1"
      }
    },
    "is-number": {
      "version": "7.0.0",
      "resolved": "https://registry.npmjs.org/is-number/-/is-number-7.0.0.tgz",
      "integrity": "sha512-41Cifkg6e8TylSpdtTpeLVMqvSBEVzTttHvERD741+pnZ8ANv0004MRL43QKPDlK9cGvNp6NZWZUBlbGXYxxng==",
      "dev": true
    },
    "lower-case": {
      "version": "2.0.2",
      "resolved": "https://registry.npmjs.org/lower-case/-/lower-case-2.0.2.tgz",
      "integrity": "sha512-7fm3l3NAF9WfN6W3JOmf5drwpVqX78JtoGJ3A6W0a6ZnldM41w2fV5D490psKFTpMds8TJse/eHLFFsNHHjHgg==",
      "dev": true,
      "requires": {
        "tslib": "^2.0.3"
      }
    },
    "no-case": {
      "version": "3.0.4",
      "resolved": "https://registry.npmjs.org/no-case/-/no-case-3.0.4.tgz",
      "integrity": "sha512-fgAN3jGAh+RoxUGZHTSOLJIqUc2wmoBwGR4tbpNAKmmovFoWq0OdRkb0VkldReO2a2iBT/OEulG9XSUc10r3zg==",
      "dev": true,
      "requires": {
        "lower-case": "^2.0.2",
        "tslib": "^2.0.3"
      }
    },
    "node-fetch": {
      "version": "2.6.8",
      "resolved": "https://registry.npmjs.org/node-fetch/-/node-fetch-2.6.8.tgz",
      "integrity": "sha512-RZ6dBYuj8dRSfxpUSu+NsdF1dpPpluJxwOp+6IoDp/sH2QNDSvurYsAa+F1WxY2RjA1iP93xhcsUoYbF2XBqVg==",
      "dev": true,
      "requires": {
        "whatwg-url": "^5.0.0"
      }
    },
    "normalize-path": {
      "version": "3.0.0",
      "resolved": "https://registry.npmjs.org/normalize-path/-/normalize-path-3.0.0.tgz",
      "integrity": "sha512-6eZs5Ls3WtCisHWp9S2GUy8dqkpGi4BVSz3GaqiE6ezub0512ESztXUwUB6C6IKbQkY2Pnb/mD4WYojCRwcwLA==",
      "dev": true
    },
    "pascal-case": {
      "version": "3.1.2",
      "resolved": "https://registry.npmjs.org/pascal-case/-/pascal-case-3.1.2.tgz",
      "integrity": "sha512-uWlGT3YSnK9x3BQJaOdcZwrnV6hPpd8jFH1/ucpiLRPh/2zCVJKS19E4GvYHvaCcACn3foXZ0cLB9Wrx1KGe5g==",
      "dev": true,
      "requires": {
        "no-case": "^3.0.4",
        "tslib": "^2.0.3"
      }
    },
    "picomatch": {
      "version": "2.3.1",
      "resolved": "https://registry.npmjs.org/picomatch/-/picomatch-2.3.1.tgz",
      "integrity": "sha512-JU3teHTNjmE2VCGFzuY8EXzCDVwEqB2a8fsIvwaStHhAWJEeVd1o1QD80CU6+ZdEXXSLbSsuLwJjkCBWqRQUVA==",
      "dev": true
    },
    "readdirp": {
      "version": "3.6.0",
      "resolved": "https://registry.npmjs.org/readdirp/-/readdirp-3.6.0.tgz",
      "integrity": "sha512-hOS089on8RduqdbhvQ5Z37A0ESjsqz6qnRcffsMU3495FuTdqSm+7bhJ29JvIOsBDEEnan5DPu9t3To9VRlMzA==",
      "dev": true,
      "requires": {
        "picomatch": "^2.2.1"
      }
    },
    "require-directory": {
      "version": "2.1.1",
      "resolved": "https://registry.npmjs.org/require-directory/-/require-directory-2.1.1.tgz",
      "integrity": "sha512-fGxEI7+wsG9xrvdjsrlmL22OMTTiHRwAMroiEeMgq8gzoLC/PQr7RsRDSTLUg/bZAZtF+TVIkHc6/4RIKrui+Q==",
      "dev": true
    },
    "sass": {
      "version": "1.57.1",
      "resolved": "https://registry.npmjs.org/sass/-/sass-1.57.1.tgz",
      "integrity": "sha512-O2+LwLS79op7GI0xZ8fqzF7X2m/m8WFfI02dHOdsK5R2ECeS5F62zrwg/relM1rjSLy7Vd/DiMNIvPrQGsA0jw==",
      "dev": true,
      "requires": {
        "chokidar": ">=3.0.0 <4.0.0",
        "immutable": "^4.0.0",
        "source-map-js": ">=0.6.2 <2.0.0"
      }
    },
    "smui-theme": {
      "version": "7.0.0-beta.0",
      "resolved": "https://registry.npmjs.org/smui-theme/-/smui-theme-7.0.0-beta.0.tgz",
      "integrity": "sha512-AWGCcgulzC7NoEypvD5c8tejQutvAO8EdSF2NrBonP+bkULV3hqen6eDf7u15F9HrHw0CrrTCz5bPAcPIwneow==",
      "dev": true,
      "requires": {
        "@material/theme": "^14.0.0",
        "node-fetch": "^2.6.7",
        "sass": "^1.54.0",
        "yargs": "^17.5.1"
      }
    },
    "source-map-js": {
      "version": "1.0.2",
      "resolved": "https://registry.npmjs.org/source-map-js/-/source-map-js-1.0.2.tgz",
      "integrity": "sha512-R0XvVJ9WusLiqTCEiGCmICCMplcCkIwwR11mOSD9CR5u+IXYdiseeEuXCVAjS54zqwkLcPNnmU4OeJ6tUrWhDw==",
      "dev": true
    },
    "string-width": {
      "version": "4.2.3",
      "resolved": "https://registry.npmjs.org/string-width/-/string-width-4.2.3.tgz",
      "integrity": "sha512-wKyQRQpjJ0sIp62ErSZdGsjMJWsap5oRNihHhu6G7JVO/9jIB6UyevL+tXuOqrng8j/cxKTWyWUwvSTriiZz/g==",
      "dev": true,
      "requires": {
        "emoji-regex": "^8.0.0",
        "is-fullwidth-code-point": "^3.0.0",
        "strip-ansi": "^6.0.1"
      }
    },
    "strip-ansi": {
      "version": "6.0.1",
      "resolved": "https://registry.npmjs.org/strip-ansi/-/strip-ansi-6.0.1.tgz",
      "integrity": "sha512-Y38VPSHcqkFrCpFnQ9vuSXmquuv5oXOKpGeT6aGrr3o3Gc9AlVa6JBfUSOCnbxGGZF+/0ooI7KrPuUSztUdU5A==",
      "dev": true,
      "requires": {
        "ansi-regex": "^5.0.1"
      }
    },
    "svelte2tsx": {
      "version": "0.5.23",
      "resolved": "https://registry.npmjs.org/svelte2tsx/-/svelte2tsx-0.5.23.tgz",
      "integrity": "sha512-jYFnugTQRFmUpvLXPQrKzVYcW5ErT+0QCxg027Zx9BuvYefMZFuoBSTDYe7viPEFGrPPiLgT2m7f5n9khE7f7Q==",
      "dev": true,
      "requires": {
        "dedent-js": "^1.0.1",
        "pascal-case": "^3.1.1"
      }
    },
    "to-regex-range": {
      "version": "5.0.1",
      "resolved": "https://registry.npmjs.org/to-regex-range/-/to-regex-range-5.0.1.tgz",
      "integrity": "sha512-65P7iz6X5yEr1cwcgvQxbbIw7Uk3gOy5dIdtZ4rDveLqhrdJP+Li/Hx6tyK0NEb+2GCyneCMJiGqrADCSNk8sQ==",
      "dev": true,
      "requires": {
        "is-number": "^7.0.0"
      }
    },
    "tr46": {
      "version": "0.0.3",
      "resolved": "https://registry.npmjs.org/tr46/-/tr46-0.0.3.tgz",
      "integrity": "sha512-N3WMsuqV66lT30CrXNbEjx4GEwlow3v6rr4mCcv6prnfwhS01rkgyFdjPNBYd9br7LpXV1+Emh01fHnq2Gdgrw==",
      "dev": true
    },
    "tslib": {
      "version": "2.5.0",
      "resolved": "https://registry.npmjs.org/tslib/-/tslib-2.5.0.tgz",
      "integrity": "sha512-336iVw3rtn2BUK7ORdIAHTyxHGRIHVReokCR3XjbckJMK7ms8FysBfhLR8IXnAgy7T0PTPNBWKiH514FOW/WSg==",
      "dev": true
    },
    "webidl-conversions": {
      "version": "3.0.1",
      "resolved": "https://registry.npmjs.org/webidl-conversions/-/webidl-conversions-3.0.1.tgz",
      "integrity": "sha512-2JAn3z8AR6rjK8Sm8orRC0h/bcl/DqL7tRPdGZ4I1CjdF+EaMLmYxBHyXuKL849eucPFhvBoxMsflfOb8kxaeQ==",
      "dev": true
    },
    "whatwg-url": {
      "version": "5.0.0",
      "resolved": "https://registry.npmjs.org/whatwg-url/-/whatwg-url-5.0.0.tgz",
      "integrity": "sha512-saE57nupxk6v3HY35+jzBwYa0rKSy0XR8JSxZPwgLr7ys0IBzhGviA1/TUGJLmSVqs8pb9AnvICXEuOHLprYTw==",
      "dev": true,
      "requires": {
        "tr46": "~0.0.3",
        "webidl-conversions": "^3.0.0"
      }
    },
    "wrap-ansi": {
      "version": "7.0.0",
      "resolved": "https://registry.npmjs.org/wrap-ansi/-/wrap-ansi-7.0.0.tgz",
      "integrity": "sha512-YVGIj2kamLSTxw6NsZjoBxfSwsn0ycdesmc4p+Q21c5zPuZ1pl+NfxVdxPtdHvmNVOQ6XSYG4AUtyt/Fi7D16Q==",
      "dev": true,
      "requires": {
        "ansi-styles": "^4.0.0",
        "string-width": "^4.1.0",
        "strip-ansi": "^6.0.0"
      }
    },
    "y18n": {
      "version": "5.0.8",
      "resolved": "https://registry.npmjs.org/y18n/-/y18n-5.0.8.tgz",
      "integrity": "sha512-0pfFzegeDWJHJIAmTLRP2DwHjdF5s7jo9tuztdQxAhINCdvS+3nGINqPd00AphqJR/0LhANUS6/+7SCb98YOfA==",
      "dev": true
    },
    "yargs": {
      "version": "17.6.2",
      "resolved": "https://registry.npmjs.org/yargs/-/yargs-17.6.2.tgz",
      "integrity": "sha512-1/9UrdHjDZc0eOU0HxOHoS78C69UD3JRMvzlJ7S79S2nTaWRA/whGCTV8o9e/N/1Va9YIV7Q4sOxD8VV4pCWOw==",
      "dev": true,
      "requires": {
        "cliui": "^8.0.1",
        "escalade": "^3.1.1",
        "get-caller-file": "^2.0.5",
        "require-directory": "^2.1.1",
        "string-width": "^4.2.3",
        "y18n": "^5.0.5",
        "yargs-parser": "^21.1.1"
      }
    },
    "yargs-parser": {
      "version": "21.1.1",
      "resolved": "https://registry.npmjs.org/yargs-parser/-/yargs-parser-21.1.1.tgz",
      "integrity": "sha512-tVpsJW7DdjecAiFpbIB1e3qxIQsE6NoPc5/eTdrbbIC4h0LVsWhnoa3g+m2HclBIujHzsxZ4VJVA+GUuc2/LBw==",
      "dev": true
    }
  }
}
